
Microsoft Visual Studio Solution File, Format Version 12.00
# Visual Studio Version 17
VisualStudioVersion = 17.7.34202.233
MinimumVisualStudioVersion = 10.0.40219.1
Project("{FAE04EC0-301F-11D3-BF4B-00C04F79EFBC}") = "TypesAndVariables", "TypesAndVariables\TypesAndVariables.csproj", "{B03F892E-FECE-4167-86EC-F32DA412C9A4}"
EndProject
Project("{2150E333-8FDC-42A3-9474-1A3956D46DE8}") = "C#_Dersleri_1-14", "C#_Dersleri_1-14", "{3D7EE6CA-BE31-4314-94F9-6461E8616877}"
EndProject
Project("{2150E333-8FDC-42A3-9474-1A3956D46DE8}") = "C#_Dersleri_15-20", "C#_Dersleri_15-20", "{F0D728EA-8C09-4584-A292-BB668BF4C9FB}"
EndProject
Project("{FAE04EC0-301F-11D3-BF4B-00C04F79EFBC}") = "Conditionals", "Conditionals\Conditionals.csproj", "{91CD8B8D-3011-4037-83DF-66431A6F9574}"
EndProject
Global
	GlobalSection(SolutionConfigurationPlatforms) = preSolution
		Debug|Any CPU = Debug|Any CPU
		Release|Any CPU = Release|Any CPU
	EndGlobalSection
	GlobalSection(ProjectConfigurationPlatforms) = postSolution
		{B03F892E-FECE-4167-86EC-F32DA412C9A4}.Debug|Any CPU.ActiveCfg = Debug|Any CPU
		{B03F892E-FECE-4167-86EC-F32DA412C9A4}.Debug|Any CPU.Build.0 = Debug|Any CPU
		{B03F892E-FECE-4167-86EC-F32DA412C9A4}.Release|Any CPU.ActiveCfg = Release|Any CPU
		{B03F892E-FECE-4167-86EC-F32DA412C9A4}.Release|Any CPU.Build.0 = Release|Any CPU
		{91CD8B8D-3011-4037-83DF-66431A6F9574}.Debug|Any CPU.ActiveCfg = Debug|Any CPU
		{91CD8B8D-3011-4037-83DF-66431A6F9574}.Debug|Any CPU.Build.0 = Debug|Any CPU
		{91CD8B8D-3011-4037-83DF-66431A6F9574}.Release|Any CPU.ActiveCfg = Release|Any CPU
		{91CD8B8D-3011-4037-83DF-66431A6F9574}.Release|Any CPU.Build.0 = Release|Any CPU
	EndGlobalSection
	GlobalSection(SolutionProperties) = preSolution
		HideSolutionNode = FALSE
	EndGlobalSection
	GlobalSection(NestedProjects) = preSolution
		{B03F892E-FECE-4167-86EC-F32DA412C9A4} = {3D7EE6CA-BE31-4314-94F9-6461E8616877}
		{91CD8B8D-3011-4037-83DF-66431A6F9574} = {F0D728EA-8C09-4584-A292-BB668BF4C9FB}
	EndGlobalSection
	GlobalSection(ExtensibilityGlobals) = postSolution
		SolutionGuid = {A70D9EC6-9A4F-4653-9015-99268800374D}
	EndGlobalSection
EndGlobal
